
Microsoft Visual Studio Solution File, Format Version 12.00
# Visual Studio Version 16
VisualStudioVersion = 16.0.29503.13
MinimumVisualStudioVersion = 10.0.40219.1
Project("{9A19103F-16F7-4668-BE54-9A1E7A4F7556}") = "Reminder.Storage.Memory", "Reminder.Storage.Memory\Reminder.Storage.Memory.csproj", "{52CEC720-3642-4190-920E-BD04A12D71E9}"
EndProject
Project("{2150E333-8FDC-42A3-9474-1A3956D46DE8}") = "app", "app", "{A7CB8437-B40C-4E06-BE0C-BCA5FE10D07F}"
EndProject
Project("{2150E333-8FDC-42A3-9474-1A3956D46DE8}") = "tests", "tests", "{C1E94228-76DB-4146-8ECA-3A9A14967794}"
EndProject
Project("{9A19103F-16F7-4668-BE54-9A1E7A4F7556}") = "Reminder.Storage.Memory.Tests", "NUnitTestProject1\Reminder.Storage.Memory.Tests.csproj", "{70817045-E00D-417F-9EA4-22AA9C73F477}"
EndProject
Project("{9A19103F-16F7-4668-BE54-9A1E7A4F7556}") = "Reminder.Storage", "Reminder.Storage\Reminder.Storage.csproj", "{37DC1830-F8AA-4F2D-8188-E81062E32B47}"
EndProject
Global
	GlobalSection(SolutionConfigurationPlatforms) = preSolution
		Debug|Any CPU = Debug|Any CPU
		Release|Any CPU = Release|Any CPU
	EndGlobalSection
	GlobalSection(ProjectConfigurationPlatforms) = postSolution
		{52CEC720-3642-4190-920E-BD04A12D71E9}.Debug|Any CPU.ActiveCfg = Debug|Any CPU
		{52CEC720-3642-4190-920E-BD04A12D71E9}.Debug|Any CPU.Build.0 = Debug|Any CPU
		{52CEC720-3642-4190-920E-BD04A12D71E9}.Release|Any CPU.ActiveCfg = Release|Any CPU
		{52CEC720-3642-4190-920E-BD04A12D71E9}.Release|Any CPU.Build.0 = Release|Any CPU
		{70817045-E00D-417F-9EA4-22AA9C73F477}.Debug|Any CPU.ActiveCfg = Debug|Any CPU
		{70817045-E00D-417F-9EA4-22AA9C73F477}.Debug|Any CPU.Build.0 = Debug|Any CPU
		{70817045-E00D-417F-9EA4-22AA9C73F477}.Release|Any CPU.ActiveCfg = Release|Any CPU
		{70817045-E00D-417F-9EA4-22AA9C73F477}.Release|Any CPU.Build.0 = Release|Any CPU
		{37DC1830-F8AA-4F2D-8188-E81062E32B47}.Debug|Any CPU.ActiveCfg = Debug|Any CPU
		{37DC1830-F8AA-4F2D-8188-E81062E32B47}.Debug|Any CPU.Build.0 = Debug|Any CPU
		{37DC1830-F8AA-4F2D-8188-E81062E32B47}.Release|Any CPU.ActiveCfg = Release|Any CPU
		{37DC1830-F8AA-4F2D-8188-E81062E32B47}.Release|Any CPU.Build.0 = Release|Any CPU
	EndGlobalSection
	GlobalSection(SolutionProperties) = preSolution
		HideSolutionNode = FALSE
	EndGlobalSection
	GlobalSection(NestedProjects) = preSolution
		{52CEC720-3642-4190-920E-BD04A12D71E9} = {A7CB8437-B40C-4E06-BE0C-BCA5FE10D07F}
		{70817045-E00D-417F-9EA4-22AA9C73F477} = {C1E94228-76DB-4146-8ECA-3A9A14967794}
		{37DC1830-F8AA-4F2D-8188-E81062E32B47} = {A7CB8437-B40C-4E06-BE0C-BCA5FE10D07F}
	EndGlobalSection
	GlobalSection(ExtensibilityGlobals) = postSolution
		SolutionGuid = {58F6317E-DBC8-4B4E-B2AE-CB6B78270682}
	EndGlobalSection
EndGlobal
