
Microsoft Visual Studio Solution File, Format Version 12.00
# Visual Studio Version 16
VisualStudioVersion = 16.0.29503.13
MinimumVisualStudioVersion = 10.0.40219.1
Project("{FAE04EC0-301F-11D3-BF4B-00C04F79EFBC}") = "CW22", "CW22\CW22.csproj", "{93709C7C-6427-48A4-8C1F-B830C62E6A96}"
EndProject
Global
	GlobalSection(SolutionConfigurationPlatforms) = preSolution
		Debug|Any CPU = Debug|Any CPU
		Release|Any CPU = Release|Any CPU
	EndGlobalSection
	GlobalSection(ProjectConfigurationPlatforms) = postSolution
		{93709C7C-6427-48A4-8C1F-B830C62E6A96}.Debug|Any CPU.ActiveCfg = Debug|Any CPU
		{93709C7C-6427-48A4-8C1F-B830C62E6A96}.Debug|Any CPU.Build.0 = Debug|Any CPU
		{93709C7C-6427-48A4-8C1F-B830C62E6A96}.Release|Any CPU.ActiveCfg = Release|Any CPU
		{93709C7C-6427-48A4-8C1F-B830C62E6A96}.Release|Any CPU.Build.0 = Release|Any CPU
	EndGlobalSection
	GlobalSection(SolutionProperties) = preSolution
		HideSolutionNode = FALSE
	EndGlobalSection
	GlobalSection(ExtensibilityGlobals) = postSolution
		SolutionGuid = {FA96836F-B36B-472B-9687-A53CF29EB685}
	EndGlobalSection
EndGlobal
