
Microsoft Visual Studio Solution File, Format Version 12.00
# Visual Studio Version 16
VisualStudioVersion = 16.0.29324.140
MinimumVisualStudioVersion = 10.0.40219.1
Project("{9A19103F-16F7-4668-BE54-9A1E7A4F7556}") = "HW1", "HW1\HW1.csproj", "{5831FB1F-1F5F-4EB3-961D-04E01A12072E}"
EndProject
Project("{9A19103F-16F7-4668-BE54-9A1E7A4F7556}") = "test", "test\test.csproj", "{A0C1DFD4-11F2-4AFF-B890-C5CF949619F4}"
EndProject
Project("{FAE04EC0-301F-11D3-BF4B-00C04F79EFBC}") = "test2", "test2\test2.csproj", "{98632039-BABF-4F31-9C8A-EFF1E1912E2D}"
EndProject
Global
	GlobalSection(SolutionConfigurationPlatforms) = preSolution
		Debug|Any CPU = Debug|Any CPU
		Release|Any CPU = Release|Any CPU
	EndGlobalSection
	GlobalSection(ProjectConfigurationPlatforms) = postSolution
		{5831FB1F-1F5F-4EB3-961D-04E01A12072E}.Debug|Any CPU.ActiveCfg = Debug|Any CPU
		{5831FB1F-1F5F-4EB3-961D-04E01A12072E}.Debug|Any CPU.Build.0 = Debug|Any CPU
		{5831FB1F-1F5F-4EB3-961D-04E01A12072E}.Release|Any CPU.ActiveCfg = Release|Any CPU
		{5831FB1F-1F5F-4EB3-961D-04E01A12072E}.Release|Any CPU.Build.0 = Release|Any CPU
		{A0C1DFD4-11F2-4AFF-B890-C5CF949619F4}.Debug|Any CPU.ActiveCfg = Debug|Any CPU
		{A0C1DFD4-11F2-4AFF-B890-C5CF949619F4}.Debug|Any CPU.Build.0 = Debug|Any CPU
		{A0C1DFD4-11F2-4AFF-B890-C5CF949619F4}.Release|Any CPU.ActiveCfg = Release|Any CPU
		{A0C1DFD4-11F2-4AFF-B890-C5CF949619F4}.Release|Any CPU.Build.0 = Release|Any CPU
		{98632039-BABF-4F31-9C8A-EFF1E1912E2D}.Debug|Any CPU.ActiveCfg = Debug|Any CPU
		{98632039-BABF-4F31-9C8A-EFF1E1912E2D}.Debug|Any CPU.Build.0 = Debug|Any CPU
		{98632039-BABF-4F31-9C8A-EFF1E1912E2D}.Release|Any CPU.ActiveCfg = Release|Any CPU
		{98632039-BABF-4F31-9C8A-EFF1E1912E2D}.Release|Any CPU.Build.0 = Release|Any CPU
	EndGlobalSection
	GlobalSection(SolutionProperties) = preSolution
		HideSolutionNode = FALSE
	EndGlobalSection
	GlobalSection(ExtensibilityGlobals) = postSolution
		SolutionGuid = {C377DA84-9A1D-48CD-885D-94EC0F6E242C}
	EndGlobalSection
EndGlobal
