
Microsoft Visual Studio Solution File, Format Version 12.00
# Visual Studio Version 16
VisualStudioVersion = 16.0.29326.143
MinimumVisualStudioVersion = 10.0.40219.1
Project("{9A19103F-16F7-4668-BE54-9A1E7A4F7556}") = "HW5", "HW5\HW5.csproj", "{3DE1EE85-3658-49EC-807F-EA82B0313820}"
EndProject
Project("{FAE04EC0-301F-11D3-BF4B-00C04F79EFBC}") = "test", "test\test.csproj", "{98C54F24-E119-433F-B453-6DB10EF9E68A}"
EndProject
Global
	GlobalSection(SolutionConfigurationPlatforms) = preSolution
		Debug|Any CPU = Debug|Any CPU
		Release|Any CPU = Release|Any CPU
	EndGlobalSection
	GlobalSection(ProjectConfigurationPlatforms) = postSolution
		{3DE1EE85-3658-49EC-807F-EA82B0313820}.Debug|Any CPU.ActiveCfg = Debug|Any CPU
		{3DE1EE85-3658-49EC-807F-EA82B0313820}.Debug|Any CPU.Build.0 = Debug|Any CPU
		{3DE1EE85-3658-49EC-807F-EA82B0313820}.Release|Any CPU.ActiveCfg = Release|Any CPU
		{3DE1EE85-3658-49EC-807F-EA82B0313820}.Release|Any CPU.Build.0 = Release|Any CPU
		{98C54F24-E119-433F-B453-6DB10EF9E68A}.Debug|Any CPU.ActiveCfg = Debug|Any CPU
		{98C54F24-E119-433F-B453-6DB10EF9E68A}.Debug|Any CPU.Build.0 = Debug|Any CPU
		{98C54F24-E119-433F-B453-6DB10EF9E68A}.Release|Any CPU.ActiveCfg = Release|Any CPU
		{98C54F24-E119-433F-B453-6DB10EF9E68A}.Release|Any CPU.Build.0 = Release|Any CPU
	EndGlobalSection
	GlobalSection(SolutionProperties) = preSolution
		HideSolutionNode = FALSE
	EndGlobalSection
	GlobalSection(ExtensibilityGlobals) = postSolution
		SolutionGuid = {0EC85B5D-99B0-4C97-8631-9A15ABCE0F1C}
	EndGlobalSection
EndGlobal
